{
  "object": {
    "pins": [
      {
        "package": "HPNetwork",
        "repositoryURL": "https://github.com/henrik-dmg/HPNetwork",
        "state": {
          "branch": "feature/async",
          "revision": "79553038080904158a7656131d507b43c6b1de7b",
          "version": null
        }
      },
      {
        "package": "HPURLBuilder",
        "repositoryURL": "https://github.com/henrik-dmg/HPURLBuilder",
        "state": {
          "branch": null,
          "revision": "07c13f18b13749963af735d1c6ca33b5c7807dc8",
          "version": "1.0.1"
        }
      }
    ]
  },
  "version": 1
}
