{
  "object": {
    "pins": [
      {
        "package": "HPNetwork",
        "repositoryURL": "https://github.com/henrik-dmg/HPNetwork",
        "state": {
          "branch": "feature/async",
          "revision": "a45e2dc52993960109ea323f49b7082b87a1e916",
          "version": null
        }
      }
    ]
  },
  "version": 1
}
